Microsoft Visual Studio Solution File, Format Version 12.00
# Visual Studio Version 17
VisualStudioVersion = 17.5.2.0
MinimumVisualStudioVersion = 10.0.40219.1
Project("{FAE04EC0-301F-11D3-BF4B-00C04F79EFBC}") = "EditorTextos", "EditorTextos.csproj", "{CBA85973-A740-A526-0856-873BB748A3BE}"
EndProject
Global
	GlobalSection(SolutionConfigurationPlatforms) = preSolution
		Debug|Any CPU = Debug|Any CPU
		Release|Any CPU = Release|Any CPU
	EndGlobalSection
	GlobalSection(ProjectConfigurationPlatforms) = postSolution
		{CBA85973-A740-A526-0856-873BB748A3BE}.Debug|Any CPU.ActiveCfg = Debug|Any CPU
		{CBA85973-A740-A526-0856-873BB748A3BE}.Debug|Any CPU.Build.0 = Debug|Any CPU
		{CBA85973-A740-A526-0856-873BB748A3BE}.Release|Any CPU.ActiveCfg = Release|Any CPU
		{CBA85973-A740-A526-0856-873BB748A3BE}.Release|Any CPU.Build.0 = Release|Any CPU
	EndGlobalSection
	GlobalSection(SolutionProperties) = preSolution
		HideSolutionNode = FALSE
	EndGlobalSection
	GlobalSection(ExtensibilityGlobals) = postSolution
		SolutionGuid = {B85F87FF-58AB-49D6-A7AD-FC2C41F7FBCE}
	EndGlobalSection
EndGlobal
